
Microsoft Visual Studio Solution File, Format Version 12.00
# Visual Studio 2012
Project("{D954291E-2A0B-460D-934E-DC6B0785DB48}") = "Portfolio", "Portfolio\Portfolio.shproj", "{E72708A4-DFA3-43B3-A10A-754B4E30CC75}"
EndProject
Project("{FAE04EC0-301F-11D3-BF4B-00C04F79EFBC}") = "Portfolio.iOS", "iOS\Portfolio.iOS.csproj", "{63C2F331-EF98-4D34-8FA3-2203726E7EA9}"
EndProject
Project("{FAE04EC0-301F-11D3-BF4B-00C04F79EFBC}") = "Portfolio.Droid", "Droid\Portfolio.Droid.csproj", "{49E7A175-1834-4255-B5EB-B4D0F58E19E3}"
EndProject
Project("{FAE04EC0-301F-11D3-BF4B-00C04F79EFBC}") = "Portfolio.UITests", "UITests\Portfolio.UITests.csproj", "{4ADAC16C-1228-49D6-9169-F30D3C249CE0}"
EndProject
Global
	GlobalSection(SolutionConfigurationPlatforms) = preSolution
		Debug|iPhoneSimulator = Debug|iPhoneSimulator
		Release|iPhone = Release|iPhone
		Release|iPhoneSimulator = Release|iPhoneSimulator
		Debug|iPhone = Debug|iPhone
		Debug|Any CPU = Debug|Any CPU
		Release|Any CPU = Release|Any CPU
	EndGlobalSection
	GlobalSection(ProjectConfigurationPlatforms) = postSolution
		{63C2F331-EF98-4D34-8FA3-2203726E7EA9}.Debug|iPhoneSimulator.ActiveCfg = Debug|iPhoneSimulator
		{63C2F331-EF98-4D34-8FA3-2203726E7EA9}.Debug|iPhoneSimulator.Build.0 = Debug|iPhoneSimulator
		{63C2F331-EF98-4D34-8FA3-2203726E7EA9}.Release|iPhone.ActiveCfg = Release|iPhone
		{63C2F331-EF98-4D34-8FA3-2203726E7EA9}.Release|iPhone.Build.0 = Release|iPhone
		{63C2F331-EF98-4D34-8FA3-2203726E7EA9}.Release|iPhoneSimulator.ActiveCfg = Release|iPhoneSimulator
		{63C2F331-EF98-4D34-8FA3-2203726E7EA9}.Release|iPhoneSimulator.Build.0 = Release|iPhoneSimulator
		{63C2F331-EF98-4D34-8FA3-2203726E7EA9}.Debug|iPhone.ActiveCfg = Debug|iPhone
		{63C2F331-EF98-4D34-8FA3-2203726E7EA9}.Debug|iPhone.Build.0 = Debug|iPhone
		{63C2F331-EF98-4D34-8FA3-2203726E7EA9}.Debug|Any CPU.ActiveCfg = Debug|iPhoneSimulator
		{63C2F331-EF98-4D34-8FA3-2203726E7EA9}.Debug|Any CPU.Build.0 = Debug|iPhoneSimulator
		{63C2F331-EF98-4D34-8FA3-2203726E7EA9}.Release|Any CPU.ActiveCfg = Release|iPhone
		{63C2F331-EF98-4D34-8FA3-2203726E7EA9}.Release|Any CPU.Build.0 = Release|iPhone
		{49E7A175-1834-4255-B5EB-B4D0F58E19E3}.Debug|iPhoneSimulator.ActiveCfg = Debug|Any CPU
		{49E7A175-1834-4255-B5EB-B4D0F58E19E3}.Debug|iPhoneSimulator.Build.0 = Debug|Any CPU
		{49E7A175-1834-4255-B5EB-B4D0F58E19E3}.Release|iPhone.ActiveCfg = Release|Any CPU
		{49E7A175-1834-4255-B5EB-B4D0F58E19E3}.Release|iPhone.Build.0 = Release|Any CPU
		{49E7A175-1834-4255-B5EB-B4D0F58E19E3}.Release|iPhoneSimulator.ActiveCfg = Release|Any CPU
		{49E7A175-1834-4255-B5EB-B4D0F58E19E3}.Release|iPhoneSimulator.Build.0 = Release|Any CPU
		{49E7A175-1834-4255-B5EB-B4D0F58E19E3}.Debug|iPhone.ActiveCfg = Debug|Any CPU
		{49E7A175-1834-4255-B5EB-B4D0F58E19E3}.Debug|iPhone.Build.0 = Debug|Any CPU
		{49E7A175-1834-4255-B5EB-B4D0F58E19E3}.Debug|Any CPU.ActiveCfg = Debug|Any CPU
		{49E7A175-1834-4255-B5EB-B4D0F58E19E3}.Debug|Any CPU.Build.0 = Debug|Any CPU
		{49E7A175-1834-4255-B5EB-B4D0F58E19E3}.Release|Any CPU.ActiveCfg = Release|Any CPU
		{49E7A175-1834-4255-B5EB-B4D0F58E19E3}.Release|Any CPU.Build.0 = Release|Any CPU
		{4ADAC16C-1228-49D6-9169-F30D3C249CE0}.Debug|iPhoneSimulator.ActiveCfg = Debug|Any CPU
		{4ADAC16C-1228-49D6-9169-F30D3C249CE0}.Debug|iPhoneSimulator.Build.0 = Debug|Any CPU
		{4ADAC16C-1228-49D6-9169-F30D3C249CE0}.Release|iPhone.ActiveCfg = Release|Any CPU
		{4ADAC16C-1228-49D6-9169-F30D3C249CE0}.Release|iPhone.Build.0 = Release|Any CPU
		{4ADAC16C-1228-49D6-9169-F30D3C249CE0}.Release|iPhoneSimulator.ActiveCfg = Release|Any CPU
		{4ADAC16C-1228-49D6-9169-F30D3C249CE0}.Release|iPhoneSimulator.Build.0 = Release|Any CPU
		{4ADAC16C-1228-49D6-9169-F30D3C249CE0}.Debug|iPhone.ActiveCfg = Debug|Any CPU
		{4ADAC16C-1228-49D6-9169-F30D3C249CE0}.Debug|iPhone.Build.0 = Debug|Any CPU
		{4ADAC16C-1228-49D6-9169-F30D3C249CE0}.Debug|Any CPU.ActiveCfg = Debug|Any CPU
		{4ADAC16C-1228-49D6-9169-F30D3C249CE0}.Debug|Any CPU.Build.0 = Debug|Any CPU
		{4ADAC16C-1228-49D6-9169-F30D3C249CE0}.Release|Any CPU.ActiveCfg = Release|Any CPU
		{4ADAC16C-1228-49D6-9169-F30D3C249CE0}.Release|Any CPU.Build.0 = Release|Any CPU
	EndGlobalSection
EndGlobal
